
Microsoft Visual Studio Solution File, Format Version 12.00
# Visual Studio Version 16
VisualStudioVersion = 16.0.29613.14
MinimumVisualStudioVersion = 10.0.40219.1
Project("{FAE04EC0-301F-11D3-BF4B-00C04F79EFBC}") = "TelegramCryptoChatBot", "TelegramCryptoChatBot\TelegramCryptoChatBot.csproj", "{1231CFFF-44F6-43BA-8105-032F6DFEB48E}"
EndProject
Global
	GlobalSection(SolutionConfigurationPlatforms) = preSolution
		Debug|Any CPU = Debug|Any CPU
		Release|Any CPU = Release|Any CPU
	EndGlobalSection
	GlobalSection(ProjectConfigurationPlatforms) = postSolution
		{1231CFFF-44F6-43BA-8105-032F6DFEB48E}.Debug|Any CPU.ActiveCfg = Debug|Any CPU
		{1231CFFF-44F6-43BA-8105-032F6DFEB48E}.Debug|Any CPU.Build.0 = Debug|Any CPU
		{1231CFFF-44F6-43BA-8105-032F6DFEB48E}.Release|Any CPU.ActiveCfg = Release|Any CPU
		{1231CFFF-44F6-43BA-8105-032F6DFEB48E}.Release|Any CPU.Build.0 = Release|Any CPU
	EndGlobalSection
	GlobalSection(SolutionProperties) = preSolution
		HideSolutionNode = FALSE
	EndGlobalSection
	GlobalSection(ExtensibilityGlobals) = postSolution
		SolutionGuid = {513E66F4-61E3-4CE7-80A4-ADBF77ED0EDC}
	EndGlobalSection
EndGlobal
